
Microsoft Visual Studio Solution File, Format Version 12.00
# Visual Studio 15
Project("{FAE04EC0-301F-11D3-BF4B-00C04F79EFBC}") = "MalbersAnimations", "MalbersAnimations.csproj", "{E7349455-0F6C-1FDA-147D-0DD3AC153E15}"
EndProject
Project("{FAE04EC0-301F-11D3-BF4B-00C04F79EFBC}") = "ReadyPlayerMe.Samples.AvatarCreatorElements", "ReadyPlayerMe.Samples.AvatarCreatorElements.csproj", "{13AFC19F-9103-1F57-F24B-2AFC8F8CC895}"
EndProject
Project("{FAE04EC0-301F-11D3-BF4B-00C04F79EFBC}") = "Assembly-CSharp", "Assembly-CSharp.csproj", "{56B472E4-B5BB-2E74-1120-511C82858E49}"
EndProject
Project("{FAE04EC0-301F-11D3-BF4B-00C04F79EFBC}") = "Assembly-CSharp-firstpass", "Assembly-CSharp-firstpass.csproj", "{31BC9662-802E-79F1-FC2D-98B40CD19547}"
EndProject
Project("{FAE04EC0-301F-11D3-BF4B-00C04F79EFBC}") = "Assembly-CSharp-Editor-firstpass", "Assembly-CSharp-Editor-firstpass.csproj", "{41A7D26F-2DD1-37B4-58EE-B246DEB1D51F}"
EndProject
Project("{FAE04EC0-301F-11D3-BF4B-00C04F79EFBC}") = "Assembly-CSharp-Editor", "Assembly-CSharp-Editor.csproj", "{826AA27F-6136-19AF-F152-9B8B497324D6}"
EndProject
Project("{FAE04EC0-301F-11D3-BF4B-00C04F79EFBC}") = "ReadyPlayerMe.Samples.QuickStart", "ReadyPlayerMe.Samples.QuickStart.csproj", "{DCEE427C-E7FE-25AD-1586-8B92C0751048}"
EndProject
Project("{FAE04EC0-301F-11D3-BF4B-00C04F79EFBC}") = "ReadyPlayerMe.Samples.AvatarCreatorWizard", "ReadyPlayerMe.Samples.AvatarCreatorWizard.csproj", "{EF58C594-30AF-C5DE-8444-6D311EB63582}"
EndProject
Project("{FAE04EC0-301F-11D3-BF4B-00C04F79EFBC}") = "MalbersAnimations.Editor", "MalbersAnimations.Editor.csproj", "{598B0101-7413-DED8-2C1F-C18756B30E40}"
EndProject
Project("{FAE04EC0-301F-11D3-BF4B-00C04F79EFBC}") = "Unity.XR.Interaction.Toolkit.Samples.StarterAssets", "Unity.XR.Interaction.Toolkit.Samples.StarterAssets.csproj", "{CC41185A-6575-2145-3E9C-B5A803DB9034}"
EndProject
Project("{FAE04EC0-301F-11D3-BF4B-00C04F79EFBC}") = "Unity.XR.Hands.Samples.VisualizerSample", "Unity.XR.Hands.Samples.VisualizerSample.csproj", "{2A3AE821-F471-2669-0C68-09235CEA658A}"
EndProject
Project("{FAE04EC0-301F-11D3-BF4B-00C04F79EFBC}") = "BNGHandPoseID", "BNGHandPoseID.csproj", "{BEC6E6A3-954D-B88C-B506-8822B98DA88C}"
EndProject
Project("{FAE04EC0-301F-11D3-BF4B-00C04F79EFBC}") = "Unity.XR.Interaction.Toolkit.Samples.StarterAssets.Editor", "Unity.XR.Interaction.Toolkit.Samples.StarterAssets.Editor.csproj", "{E71CAAD6-BD92-830B-86A7-90251FFC3629}"
EndProject
Global
	GlobalSection(SolutionConfigurationPlatforms) = preSolution
		Debug|Any CPU = Debug|Any CPU
		Release|Any CPU = Release|Any CPU
	EndGlobalSection
	GlobalSection(ProjectConfigurationPlatforms) = postSolution
		{E7349455-0F6C-1FDA-147D-0DD3AC153E15}.Debug|Any CPU.ActiveCfg = Debug|Any CPU
		{E7349455-0F6C-1FDA-147D-0DD3AC153E15}.Debug|Any CPU.Build.0 = Debug|Any CPU
		{E7349455-0F6C-1FDA-147D-0DD3AC153E15}.Release|Any CPU.ActiveCfg = Release|Any CPU
		{E7349455-0F6C-1FDA-147D-0DD3AC153E15}.Release|Any CPU.Build.0 = Release|Any CPU
		{13AFC19F-9103-1F57-F24B-2AFC8F8CC895}.Debug|Any CPU.ActiveCfg = Debug|Any CPU
		{13AFC19F-9103-1F57-F24B-2AFC8F8CC895}.Debug|Any CPU.Build.0 = Debug|Any CPU
		{13AFC19F-9103-1F57-F24B-2AFC8F8CC895}.Release|Any CPU.ActiveCfg = Release|Any CPU
		{13AFC19F-9103-1F57-F24B-2AFC8F8CC895}.Release|Any CPU.Build.0 = Release|Any CPU
		{56B472E4-B5BB-2E74-1120-511C82858E49}.Debug|Any CPU.ActiveCfg = Debug|Any CPU
		{56B472E4-B5BB-2E74-1120-511C82858E49}.Debug|Any CPU.Build.0 = Debug|Any CPU
		{56B472E4-B5BB-2E74-1120-511C82858E49}.Release|Any CPU.ActiveCfg = Release|Any CPU
		{56B472E4-B5BB-2E74-1120-511C82858E49}.Release|Any CPU.Build.0 = Release|Any CPU
		{31BC9662-802E-79F1-FC2D-98B40CD19547}.Debug|Any CPU.ActiveCfg = Debug|Any CPU
		{31BC9662-802E-79F1-FC2D-98B40CD19547}.Debug|Any CPU.Build.0 = Debug|Any CPU
		{31BC9662-802E-79F1-FC2D-98B40CD19547}.Release|Any CPU.ActiveCfg = Release|Any CPU
		{31BC9662-802E-79F1-FC2D-98B40CD19547}.Release|Any CPU.Build.0 = Release|Any CPU
		{41A7D26F-2DD1-37B4-58EE-B246DEB1D51F}.Debug|Any CPU.ActiveCfg = Debug|Any CPU
		{41A7D26F-2DD1-37B4-58EE-B246DEB1D51F}.Debug|Any CPU.Build.0 = Debug|Any CPU
		{41A7D26F-2DD1-37B4-58EE-B246DEB1D51F}.Release|Any CPU.ActiveCfg = Release|Any CPU
		{41A7D26F-2DD1-37B4-58EE-B246DEB1D51F}.Release|Any CPU.Build.0 = Release|Any CPU
		{826AA27F-6136-19AF-F152-9B8B497324D6}.Debug|Any CPU.ActiveCfg = Debug|Any CPU
		{826AA27F-6136-19AF-F152-9B8B497324D6}.Debug|Any CPU.Build.0 = Debug|Any CPU
		{826AA27F-6136-19AF-F152-9B8B497324D6}.Release|Any CPU.ActiveCfg = Release|Any CPU
		{826AA27F-6136-19AF-F152-9B8B497324D6}.Release|Any CPU.Build.0 = Release|Any CPU
		{DCEE427C-E7FE-25AD-1586-8B92C0751048}.Debug|Any CPU.ActiveCfg = Debug|Any CPU
		{DCEE427C-E7FE-25AD-1586-8B92C0751048}.Debug|Any CPU.Build.0 = Debug|Any CPU
		{DCEE427C-E7FE-25AD-1586-8B92C0751048}.Release|Any CPU.ActiveCfg = Release|Any CPU
		{DCEE427C-E7FE-25AD-1586-8B92C0751048}.Release|Any CPU.Build.0 = Release|Any CPU
		{EF58C594-30AF-C5DE-8444-6D311EB63582}.Debug|Any CPU.ActiveCfg = Debug|Any CPU
		{EF58C594-30AF-C5DE-8444-6D311EB63582}.Debug|Any CPU.Build.0 = Debug|Any CPU
		{EF58C594-30AF-C5DE-8444-6D311EB63582}.Release|Any CPU.ActiveCfg = Release|Any CPU
		{EF58C594-30AF-C5DE-8444-6D311EB63582}.Release|Any CPU.Build.0 = Release|Any CPU
		{598B0101-7413-DED8-2C1F-C18756B30E40}.Debug|Any CPU.ActiveCfg = Debug|Any CPU
		{598B0101-7413-DED8-2C1F-C18756B30E40}.Debug|Any CPU.Build.0 = Debug|Any CPU
		{598B0101-7413-DED8-2C1F-C18756B30E40}.Release|Any CPU.ActiveCfg = Release|Any CPU
		{598B0101-7413-DED8-2C1F-C18756B30E40}.Release|Any CPU.Build.0 = Release|Any CPU
		{CC41185A-6575-2145-3E9C-B5A803DB9034}.Debug|Any CPU.ActiveCfg = Debug|Any CPU
		{CC41185A-6575-2145-3E9C-B5A803DB9034}.Debug|Any CPU.Build.0 = Debug|Any CPU
		{CC41185A-6575-2145-3E9C-B5A803DB9034}.Release|Any CPU.ActiveCfg = Release|Any CPU
		{CC41185A-6575-2145-3E9C-B5A803DB9034}.Release|Any CPU.Build.0 = Release|Any CPU
		{2A3AE821-F471-2669-0C68-09235CEA658A}.Debug|Any CPU.ActiveCfg = Debug|Any CPU
		{2A3AE821-F471-2669-0C68-09235CEA658A}.Debug|Any CPU.Build.0 = Debug|Any CPU
		{2A3AE821-F471-2669-0C68-09235CEA658A}.Release|Any CPU.ActiveCfg = Release|Any CPU
		{2A3AE821-F471-2669-0C68-09235CEA658A}.Release|Any CPU.Build.0 = Release|Any CPU
		{BEC6E6A3-954D-B88C-B506-8822B98DA88C}.Debug|Any CPU.ActiveCfg = Debug|Any CPU
		{BEC6E6A3-954D-B88C-B506-8822B98DA88C}.Debug|Any CPU.Build.0 = Debug|Any CPU
		{BEC6E6A3-954D-B88C-B506-8822B98DA88C}.Release|Any CPU.ActiveCfg = Release|Any CPU
		{BEC6E6A3-954D-B88C-B506-8822B98DA88C}.Release|Any CPU.Build.0 = Release|Any CPU
		{E71CAAD6-BD92-830B-86A7-90251FFC3629}.Debug|Any CPU.ActiveCfg = Debug|Any CPU
		{E71CAAD6-BD92-830B-86A7-90251FFC3629}.Debug|Any CPU.Build.0 = Debug|Any CPU
		{E71CAAD6-BD92-830B-86A7-90251FFC3629}.Release|Any CPU.ActiveCfg = Release|Any CPU
		{E71CAAD6-BD92-830B-86A7-90251FFC3629}.Release|Any CPU.Build.0 = Release|Any CPU
	EndGlobalSection
	GlobalSection(SolutionProperties) = preSolution
		HideSolutionNode = FALSE
	EndGlobalSection
EndGlobal
